# Generated by buf. DO NOT EDIT.
version: v1
deps:
  - remote: buf.build
    owner: googleapis
    repository: googleapis
    branch: main
    commit: c8fa45ea6c1248769dbbcb53e49d8ee4
    digest: b1-_uLy2wpZAWZAxd2_vn_b7Mnf6hg1G7ib5M1flA-oLs4=
    create_time: 2022-06-07T15:06:56.944952Z
  - remote: buf.build
    owner: grpc-ecosystem
    repository: grpc-gateway
    branch: main
    commit: 00116f302b12478b85deb33b734e026c
    digest: b1-iUfkmqGjUB1hlbTkiPKUUeVcFd9pAJ_qRn2oJ4nYpls=
    create_time: 2022-05-23T22:50:17.0393Z
  - remote: buf.build
    owner: paralus
    repository: k8s
    branch: main
    commit: 6d45aa151ee44c47933787fb5fdebc71
    digest: b1-U7KVig2Fgpf6eRczjqxrYFa3p6HLqgtEy5QJAOVB8BI=
    create_time: 2022-06-07T13:30:44.2613Z
