# Generated by buf. DO NOT EDIT.
version: v1
deps:
  - remote: buf.build
    owner: gogo
    repository: protobuf
    branch: main
    commit: 4df00b267f944190a229ce3695781e99
    digest: b1-sjLgsg7CzrkOrIjBDh3s-l0aMjE6oqTj85-OsoopKAw=
    create_time: 2021-08-10T00:14:28.345069Z
  - remote: buf.build
    owner: googleapis
    repository: googleapis
    branch: main
    commit: 9088184d3ed04821b7e990024ff05656
    digest: b1---R9Xre3yvH8peoJPQ0dsUYp37KzdlBlx5fjPsYekyI=
    create_time: 2021-12-23T15:04:49.66847Z
  - remote: buf.build
    owner: grpc-ecosystem
    repository: grpc-gateway
    branch: main
    commit: ff83506eb9cc4cf8972f49ce87e6ed3e
    digest: b1-iLPHgLaoeWWinMiXXqPnxqE4BThtY3eSbswVGh9GOGI=
    create_time: 2021-10-23T16:26:52.283938Z
